
Microsoft Visual Studio Solution File, Format Version 12.00
# Visual Studio Version 17
VisualStudioVersion = 17.14.36915.13 d17.14
MinimumVisualStudioVersion = 10.0.40219.1
Project("{FAE04EC0-301F-11D3-BF4B-00C04F79EFBC}") = "GameServer", "GameServer\GameServer.csproj", "{93197821-2F32-42B5-9A09-25C8BFABD3AB}"
	ProjectSection(ProjectDependencies) = postProject
		{8F6A2EE8-735A-4008-8C34-037DE261E3C9} = {8F6A2EE8-735A-4008-8C34-037DE261E3C9}
	EndProjectSection
EndProject
Project("{FAE04EC0-301F-11D3-BF4B-00C04F79EFBC}") = "Core", "Core\Core.csproj", "{8F6A2EE8-735A-4008-8C34-037DE261E3C9}"
EndProject
Project("{FAE04EC0-301F-11D3-BF4B-00C04F79EFBC}") = "DummyClient", "DummyClient\DummyClient.csproj", "{09FED22A-7D2B-4FA2-A773-530AF171629B}"
EndProject
Global
	GlobalSection(SolutionConfigurationPlatforms) = preSolution
		Debug|Any CPU = Debug|Any CPU
		Release|Any CPU = Release|Any CPU
	EndGlobalSection
	GlobalSection(ProjectConfigurationPlatforms) = postSolution
		{93197821-2F32-42B5-9A09-25C8BFABD3AB}.Debug|Any CPU.ActiveCfg = Debug|Any CPU
		{93197821-2F32-42B5-9A09-25C8BFABD3AB}.Debug|Any CPU.Build.0 = Debug|Any CPU
		{93197821-2F32-42B5-9A09-25C8BFABD3AB}.Release|Any CPU.ActiveCfg = Release|Any CPU
		{93197821-2F32-42B5-9A09-25C8BFABD3AB}.Release|Any CPU.Build.0 = Release|Any CPU
		{8F6A2EE8-735A-4008-8C34-037DE261E3C9}.Debug|Any CPU.ActiveCfg = Debug|Any CPU
		{8F6A2EE8-735A-4008-8C34-037DE261E3C9}.Debug|Any CPU.Build.0 = Debug|Any CPU
		{8F6A2EE8-735A-4008-8C34-037DE261E3C9}.Release|Any CPU.ActiveCfg = Release|Any CPU
		{8F6A2EE8-735A-4008-8C34-037DE261E3C9}.Release|Any CPU.Build.0 = Release|Any CPU
		{09FED22A-7D2B-4FA2-A773-530AF171629B}.Debug|Any CPU.ActiveCfg = Debug|Any CPU
		{09FED22A-7D2B-4FA2-A773-530AF171629B}.Debug|Any CPU.Build.0 = Debug|Any CPU
		{09FED22A-7D2B-4FA2-A773-530AF171629B}.Release|Any CPU.ActiveCfg = Release|Any CPU
		{09FED22A-7D2B-4FA2-A773-530AF171629B}.Release|Any CPU.Build.0 = Release|Any CPU
	EndGlobalSection
	GlobalSection(SolutionProperties) = preSolution
		HideSolutionNode = FALSE
	EndGlobalSection
	GlobalSection(ExtensibilityGlobals) = postSolution
		SolutionGuid = {352BEECD-9B61-4041-A612-77D8BABC0796}
	EndGlobalSection
EndGlobal
